
Microsoft Visual Studio Solution File, Format Version 12.00
# Visual Studio Version 17
VisualStudioVersion = 17.14.37628.2
MinimumVisualStudioVersion = 10.0.40219.1
Project("{2150E333-8FDC-42A3-9474-1A3956D46DE8}") = "Task0", "Task0", "{02EA681E-C7D8-13C7-8484-4AC65E1B71E8}"
EndProject
Project("{FAE04EC0-301F-11D3-BF4B-00C04F79EFBC}") = "Tyuiu.VazhnikLN.Sprint0.Task0.V0", "Tyuiu.VazhnikLN.Sprint0.Task0.V0\Tyuiu.VazhnikLN.Sprint0.Task0.V0.csproj", "{F8110F7D-22B4-448D-9A6E-F89CC4345C8C}"
EndProject
Project("{2150E333-8FDC-42A3-9474-1A3956D46DE8}") = "Task1", "Task1", "{3B4AB86F-D03D-4FED-BC04-2EA2C1143254}"
EndProject
Project("{FAE04EC0-301F-11D3-BF4B-00C04F79EFBC}") = "Tyuiu.VazhnikLN.Sprint0.Task1.V0", "Tyuiu.VazhnikLN.Sprint0.Task1.V0\Tyuiu.VazhnikLN.Sprint0.Task1.V0.csproj", "{DBE9C647-E88E-4F0D-A643-98DF75DBC2A1}"
EndProject
Project("{2150E333-8FDC-42A3-9474-1A3956D46DE8}") = "Task2", "Task2", "{B19E9D64-A9CB-45EA-8F13-0382CFD05E78}"
EndProject
Project("{FAE04EC0-301F-11D3-BF4B-00C04F79EFBC}") = "Tyuiu.VazhnikLN.Sprint0.Task2.V0", "Tyuiu.VazhnikLN.Sprint0.Task2.V0\Tyuiu.VazhnikLN.Sprint0.Task2.V0.csproj", "{9BB782FA-A148-4E9D-8558-6A5BFC81085E}"
EndProject
Project("{FAE04EC0-301F-11D3-BF4B-00C04F79EFBC}") = "Tyuiu.VazhnikLN.Sprint0.Task2.V0.Lib", "Tyuiu.VazhnikLN.Sprint0.Task2.V0.Lib\Tyuiu.VazhnikLN.Sprint0.Task2.V0.Lib.csproj", "{8A6F739E-F052-409D-A16E-6126B40BFBA3}"
EndProject
Project("{FAE04EC0-301F-11D3-BF4B-00C04F79EFBC}") = "Tyuiu.VazhnikLN.Sprint0.Task2.V0.Test", "Tyuiu.VazhnikLN.Sprint0.Task2.V0.Test\Tyuiu.VazhnikLN.Sprint0.Task2.V0.Test.csproj", "{C62D1AFA-9AFB-41E3-889D-C355F7AE09B7}"
EndProject
Project("{2150E333-8FDC-42A3-9474-1A3956D46DE8}") = "Task3", "Task3", "{1134997B-65EC-495D-83B3-AA64485E9652}"
EndProject
Project("{FAE04EC0-301F-11D3-BF4B-00C04F79EFBC}") = "Tyuiu.VazhnikLN.Sprint0.Task3.V0.Test", "Tyuiu.VazhnikLN.Sprint0.Task3.V0.Test\Tyuiu.VazhnikLN.Sprint0.Task3.V0.Test.csproj", "{5AB9F576-B36A-477B-98FE-14ABC86A29F5}"
EndProject
Project("{FAE04EC0-301F-11D3-BF4B-00C04F79EFBC}") = "Tyuiu.VazhnikLN.Sprint0.Task3.V0", "Tyuiu.VazhnikLN.Sprint0.Task3.V0\Tyuiu.VazhnikLN.Sprint0.Task3.V0.csproj", "{2B3DB007-42BF-4850-B64F-E79C55805780}"
EndProject
Project("{FAE04EC0-301F-11D3-BF4B-00C04F79EFBC}") = "Tyuiu.VazhnikLN.Sprint0.Task3.V0.Lib", "Tyuiu.VazhnikLN.Sprint0.Task3.V0.Lib\Tyuiu.VazhnikLN.Sprint0.Task3.V0.Lib.csproj", "{FA018544-3EFB-4B2C-BED2-46340DFBDDD2}"
EndProject
Project("{2150E333-8FDC-42A3-9474-1A3956D46DE8}") = "Task4", "Task4", "{1D713EC0-28DA-44AA-A61F-B533EA3A9968}"
EndProject
Project("{FAE04EC0-301F-11D3-BF4B-00C04F79EFBC}") = "Tyuiu.VazhnikLN.Sprint0.Task4.V0.Lib", "Tyuiu.VazhnikLN.Sprint0.Task4.V0.Lib\Tyuiu.VazhnikLN.Sprint0.Task4.V0.Lib.csproj", "{EF73E082-998D-476A-8D25-C817EFA67CDF}"
EndProject
Project("{FAE04EC0-301F-11D3-BF4B-00C04F79EFBC}") = "Tyuiu.VazhnikLN.Sprint0.Task4.V0", "Tyuiu.VazhnikLN.Sprint0.Task4.V0\Tyuiu.VazhnikLN.Sprint0.Task4.V0.csproj", "{5142D38F-7D9D-499D-9BFC-F13478848D8D}"
EndProject
Project("{FAE04EC0-301F-11D3-BF4B-00C04F79EFBC}") = "Tyuiu.VazhnikLN.Sprint0.Task4.V0.Test", "Tyuiu.VazhnikLN.Sprint0.Task4.V0.Test\Tyuiu.VazhnikLN.Sprint0.Task4.V0.Test.csproj", "{0C232B0B-EFDC-4106-9D13-2C43B365BA30}"
EndProject
Global
	GlobalSection(SolutionConfigurationPlatforms) = preSolution
		Debug|Any CPU = Debug|Any CPU
		Release|Any CPU = Release|Any CPU
	EndGlobalSection
	GlobalSection(ProjectConfigurationPlatforms) = postSolution
		{F8110F7D-22B4-448D-9A6E-F89CC4345C8C}.Debug|Any CPU.ActiveCfg = Debug|Any CPU
		{F8110F7D-22B4-448D-9A6E-F89CC4345C8C}.Debug|Any CPU.Build.0 = Debug|Any CPU
		{F8110F7D-22B4-448D-9A6E-F89CC4345C8C}.Release|Any CPU.ActiveCfg = Release|Any CPU
		{F8110F7D-22B4-448D-9A6E-F89CC4345C8C}.Release|Any CPU.Build.0 = Release|Any CPU
		{DBE9C647-E88E-4F0D-A643-98DF75DBC2A1}.Debug|Any CPU.ActiveCfg = Debug|Any CPU
		{DBE9C647-E88E-4F0D-A643-98DF75DBC2A1}.Debug|Any CPU.Build.0 = Debug|Any CPU
		{DBE9C647-E88E-4F0D-A643-98DF75DBC2A1}.Release|Any CPU.ActiveCfg = Release|Any CPU
		{DBE9C647-E88E-4F0D-A643-98DF75DBC2A1}.Release|Any CPU.Build.0 = Release|Any CPU
		{9BB782FA-A148-4E9D-8558-6A5BFC81085E}.Debug|Any CPU.ActiveCfg = Debug|Any CPU
		{9BB782FA-A148-4E9D-8558-6A5BFC81085E}.Debug|Any CPU.Build.0 = Debug|Any CPU
		{9BB782FA-A148-4E9D-8558-6A5BFC81085E}.Release|Any CPU.ActiveCfg = Release|Any CPU
		{9BB782FA-A148-4E9D-8558-6A5BFC81085E}.Release|Any CPU.Build.0 = Release|Any CPU
		{8A6F739E-F052-409D-A16E-6126B40BFBA3}.Debug|Any CPU.ActiveCfg = Debug|Any CPU
		{8A6F739E-F052-409D-A16E-6126B40BFBA3}.Debug|Any CPU.Build.0 = Debug|Any CPU
		{8A6F739E-F052-409D-A16E-6126B40BFBA3}.Release|Any CPU.ActiveCfg = Release|Any CPU
		{8A6F739E-F052-409D-A16E-6126B40BFBA3}.Release|Any CPU.Build.0 = Release|Any CPU
		{C62D1AFA-9AFB-41E3-889D-C355F7AE09B7}.Debug|Any CPU.ActiveCfg = Debug|Any CPU
		{C62D1AFA-9AFB-41E3-889D-C355F7AE09B7}.Debug|Any CPU.Build.0 = Debug|Any CPU
		{C62D1AFA-9AFB-41E3-889D-C355F7AE09B7}.Release|Any CPU.ActiveCfg = Release|Any CPU
		{C62D1AFA-9AFB-41E3-889D-C355F7AE09B7}.Release|Any CPU.Build.0 = Release|Any CPU
		{5AB9F576-B36A-477B-98FE-14ABC86A29F5}.Debug|Any CPU.ActiveCfg = Debug|Any CPU
		{5AB9F576-B36A-477B-98FE-14ABC86A29F5}.Debug|Any CPU.Build.0 = Debug|Any CPU
		{5AB9F576-B36A-477B-98FE-14ABC86A29F5}.Release|Any CPU.ActiveCfg = Release|Any CPU
		{5AB9F576-B36A-477B-98FE-14ABC86A29F5}.Release|Any CPU.Build.0 = Release|Any CPU
		{2B3DB007-42BF-4850-B64F-E79C55805780}.Debug|Any CPU.ActiveCfg = Debug|Any CPU
		{2B3DB007-42BF-4850-B64F-E79C55805780}.Debug|Any CPU.Build.0 = Debug|Any CPU
		{2B3DB007-42BF-4850-B64F-E79C55805780}.Release|Any CPU.ActiveCfg = Release|Any CPU
		{2B3DB007-42BF-4850-B64F-E79C55805780}.Release|Any CPU.Build.0 = Release|Any CPU
		{FA018544-3EFB-4B2C-BED2-46340DFBDDD2}.Debug|Any CPU.ActiveCfg = Debug|Any CPU
		{FA018544-3EFB-4B2C-BED2-46340DFBDDD2}.Debug|Any CPU.Build.0 = Debug|Any CPU
		{FA018544-3EFB-4B2C-BED2-46340DFBDDD2}.Release|Any CPU.ActiveCfg = Release|Any CPU
		{FA018544-3EFB-4B2C-BED2-46340DFBDDD2}.Release|Any CPU.Build.0 = Release|Any CPU
		{EF73E082-998D-476A-8D25-C817EFA67CDF}.Debug|Any CPU.ActiveCfg = Debug|Any CPU
		{EF73E082-998D-476A-8D25-C817EFA67CDF}.Debug|Any CPU.Build.0 = Debug|Any CPU
		{EF73E082-998D-476A-8D25-C817EFA67CDF}.Release|Any CPU.ActiveCfg = Release|Any CPU
		{EF73E082-998D-476A-8D25-C817EFA67CDF}.Release|Any CPU.Build.0 = Release|Any CPU
		{5142D38F-7D9D-499D-9BFC-F13478848D8D}.Debug|Any CPU.ActiveCfg = Debug|Any CPU
		{5142D38F-7D9D-499D-9BFC-F13478848D8D}.Debug|Any CPU.Build.0 = Debug|Any CPU
		{5142D38F-7D9D-499D-9BFC-F13478848D8D}.Release|Any CPU.ActiveCfg = Release|Any CPU
		{5142D38F-7D9D-499D-9BFC-F13478848D8D}.Release|Any CPU.Build.0 = Release|Any CPU
		{0C232B0B-EFDC-4106-9D13-2C43B365BA30}.Debug|Any CPU.ActiveCfg = Debug|Any CPU
		{0C232B0B-EFDC-4106-9D13-2C43B365BA30}.Debug|Any CPU.Build.0 = Debug|Any CPU
		{0C232B0B-EFDC-4106-9D13-2C43B365BA30}.Release|Any CPU.ActiveCfg = Release|Any CPU
		{0C232B0B-EFDC-4106-9D13-2C43B365BA30}.Release|Any CPU.Build.0 = Release|Any CPU
	EndGlobalSection
	GlobalSection(SolutionProperties) = preSolution
		HideSolutionNode = FALSE
	EndGlobalSection
	GlobalSection(NestedProjects) = preSolution
		{F8110F7D-22B4-448D-9A6E-F89CC4345C8C} = {02EA681E-C7D8-13C7-8484-4AC65E1B71E8}
		{DBE9C647-E88E-4F0D-A643-98DF75DBC2A1} = {3B4AB86F-D03D-4FED-BC04-2EA2C1143254}
		{9BB782FA-A148-4E9D-8558-6A5BFC81085E} = {B19E9D64-A9CB-45EA-8F13-0382CFD05E78}
		{8A6F739E-F052-409D-A16E-6126B40BFBA3} = {B19E9D64-A9CB-45EA-8F13-0382CFD05E78}
		{C62D1AFA-9AFB-41E3-889D-C355F7AE09B7} = {B19E9D64-A9CB-45EA-8F13-0382CFD05E78}
		{5AB9F576-B36A-477B-98FE-14ABC86A29F5} = {1134997B-65EC-495D-83B3-AA64485E9652}
		{2B3DB007-42BF-4850-B64F-E79C55805780} = {1134997B-65EC-495D-83B3-AA64485E9652}
		{FA018544-3EFB-4B2C-BED2-46340DFBDDD2} = {1134997B-65EC-495D-83B3-AA64485E9652}
		{EF73E082-998D-476A-8D25-C817EFA67CDF} = {1D713EC0-28DA-44AA-A61F-B533EA3A9968}
		{5142D38F-7D9D-499D-9BFC-F13478848D8D} = {1D713EC0-28DA-44AA-A61F-B533EA3A9968}
		{0C232B0B-EFDC-4106-9D13-2C43B365BA30} = {1D713EC0-28DA-44AA-A61F-B533EA3A9968}
	EndGlobalSection
	GlobalSection(ExtensibilityGlobals) = postSolution
		SolutionGuid = {F2CE8254-02F5-47E2-81D8-445B4552EBB8}
	EndGlobalSection
EndGlobal
